{
  "nodes": {
    "flake-parts": {
      "inputs": {
        "nixpkgs-lib": "nixpkgs-lib"
      },
      "locked": {
        "lastModified": 1719994518,
        "narHash": "sha256-pQMhCCHyQGRzdfAkdJ4cIWiw+JNuWsTX7f0ZYSyz0VY=",
        "owner": "hercules-ci",
        "repo": "flake-parts",
        "rev": "9227223f6d922fee3c7b190b2cc238a99527bbb7",
        "type": "github"
      },
      "original": {
        "id": "flake-parts",
        "type": "indirect"
      }
    },
    "nixpkgs": {
      "locked": {
        "lastModified": 1720875497,
        "narHash": "sha256-1Al1qDC8Q/s4viPq4ln8jfHWZxYl+Nb49dNFISFpqBY=",
        "owner": "NixOS",
        "repo": "nixpkgs",
        "rev": "b729601a9e6c459fd8884dea513af143111bed54",
        "type": "github"
      },
      "original": {
        "owner": "NixOS",
        "ref": "nixpkgs-unstable",
        "repo": "nixpkgs",
        "type": "github"
      }
    },
    "nixpkgs-lib": {
      "locked": {
        "lastModified": 1719876945,
        "narHash": "sha256-Fm2rDDs86sHy0/1jxTOKB1118Q0O3Uc7EC0iXvXKpbI=",
        "type": "tarball",
        "url": "https://github.com/NixOS/nixpkgs/archive/5daf0514482af3f97abaefc78a6606365c9108e2.tar.gz"
      },
      "original": {
        "type": "tarball",
        "url": "https://github.com/NixOS/nixpkgs/archive/5daf0514482af3f97abaefc78a6606365c9108e2.tar.gz"
      }
    },
    "php-src-81": {
      "flake": false,
      "locked": {
        "lastModified": 1717566497,
        "narHash": "sha256-LvgGu6AzaIsWtZpYm//IZoPM/upyI5FNZ7KXS2kkZkM=",
        "owner": "php",
        "repo": "php-src",
        "rev": "a87ccc7ca2644e327c210e68b4d98df98ad33523",
        "type": "github"
      },
      "original": {
        "owner": "php",
        "ref": "PHP-8.1",
        "repo": "php-src",
        "type": "github"
      }
    },
    "php-src-82": {
      "flake": false,
      "locked": {
        "lastModified": 1720886334,
        "narHash": "sha256-9EkAh+0WkbHhUQ9cMa5pTaWv0r26ApcGpfXT1NIYrH0=",
        "owner": "php",
        "repo": "php-src",
        "rev": "b456ae8d34bbdd6bb50c789ec92ded39a6fdb4f5",
        "type": "github"
      },
      "original": {
        "owner": "php",
        "ref": "PHP-8.2",
        "repo": "php-src",
        "type": "github"
      }
    },
    "php-src-83": {
      "flake": false,
      "locked": {
        "lastModified": 1720886370,
        "narHash": "sha256-bxRyD+5TAmYxHLfOvIxTS46jbaiS1DLe4xmPCPz6JAY=",
        "owner": "php",
        "repo": "php-src",
        "rev": "10a94f846d39f8726031afa7ecbed72409e1a769",
        "type": "github"
      },
      "original": {
        "owner": "php",
        "ref": "PHP-8.3",
        "repo": "php-src",
        "type": "github"
      }
    },
    "php-src-master": {
      "flake": false,
      "locked": {
        "lastModified": 1720922123,
        "narHash": "sha256-faCqrJCaTSbDhyoU+QMkTNidymxPbOwhK83ePCxTDOQ=",
        "owner": "php",
        "repo": "php-src",
        "rev": "09d61b63688fb0fb58afcb0e105c9d0705ef735b",
        "type": "github"
      },
      "original": {
        "owner": "php",
        "ref": "master",
        "repo": "php-src",
        "type": "github"
      }
    },
    "root": {
      "inputs": {
        "flake-parts": "flake-parts",
        "nixpkgs": "nixpkgs",
        "php-src-81": "php-src-81",
        "php-src-82": "php-src-82",
        "php-src-83": "php-src-83",
        "php-src-master": "php-src-master",
        "systems": "systems"
      }
    },
    "systems": {
      "locked": {
        "lastModified": 1681028828,
        "narHash": "sha256-Vy1rq5AaRuLzOxct8nz4T6wlgyUR7zLU309k9mBC768=",
        "owner": "nix-systems",
        "repo": "default",
        "rev": "da67096a3b9bf56a91d16901293e51ba5b49a27e",
        "type": "github"
      },
      "original": {
        "owner": "nix-systems",
        "repo": "default",
        "type": "github"
      }
    }
  },
  "root": "root",
  "version": 7
}
