{
  "nodes": {
    "flake-parts": {
      "inputs": {
        "nixpkgs-lib": "nixpkgs-lib"
      },
      "locked": {
        "lastModified": 1693611461,
        "narHash": "sha256-aPODl8vAgGQ0ZYFIRisxYG5MOGSkIczvu2Cd8Gb9+1Y=",
        "owner": "hercules-ci",
        "repo": "flake-parts",
        "rev": "7f53fdb7bdc5bb237da7fefef12d099e4fd611ca",
        "type": "github"
      },
      "original": {
        "id": "flake-parts",
        "type": "indirect"
      }
    },
    "nixpkgs": {
      "locked": {
        "lastModified": 1694767346,
        "narHash": "sha256-5uH27SiVFUwsTsqC5rs3kS7pBoNhtoy9QfTP9BmknGk=",
        "owner": "NixOS",
        "repo": "nixpkgs",
        "rev": "ace5093e36ab1e95cb9463863491bee90d5a4183",
        "type": "github"
      },
      "original": {
        "owner": "NixOS",
        "ref": "nixos-unstable",
        "repo": "nixpkgs",
        "type": "github"
      }
    },
    "nixpkgs-lib": {
      "locked": {
        "dir": "lib",
        "lastModified": 1693471703,
        "narHash": "sha256-0l03ZBL8P1P6z8MaSDS/MvuU8E75rVxe5eE1N6gxeTo=",
        "owner": "NixOS",
        "repo": "nixpkgs",
        "rev": "3e52e76b70d5508f3cec70b882a29199f4d1ee85",
        "type": "github"
      },
      "original": {
        "dir": "lib",
        "owner": "NixOS",
        "ref": "nixos-unstable",
        "repo": "nixpkgs",
        "type": "github"
      }
    },
    "php-active": {
      "flake": false,
      "locked": {
        "narHash": "sha256-/R6jhOdUFO3ptrcfZ2d+HeT19Kt/h3lf6m06l39VEMU=",
        "type": "file",
        "url": "https://www.php.net/releases/active"
      },
      "original": {
        "type": "file",
        "url": "https://www.php.net/releases/active"
      }
    },
    "php-src-81": {
      "flake": false,
      "locked": {
        "lastModified": 1694961212,
        "narHash": "sha256-0CqshhD/7oxVKgGhaMRdoMX3oxA2uL63G1Y56LybXus=",
        "owner": "php",
        "repo": "php-src",
        "rev": "486276f0f9880dc585ddd64f543391c6f006d31c",
        "type": "github"
      },
      "original": {
        "owner": "php",
        "ref": "PHP-8.1",
        "repo": "php-src",
        "type": "github"
      }
    },
    "php-src-82": {
      "flake": false,
      "locked": {
        "lastModified": 1694961278,
        "narHash": "sha256-sOJZI3E10d7GAlr+JoKIkUAxM1eYb+Ejmp/AYN8rKxQ=",
        "owner": "php",
        "repo": "php-src",
        "rev": "f4f34b6e5a20f7347f594d751653be913c0841f8",
        "type": "github"
      },
      "original": {
        "owner": "php",
        "ref": "PHP-8.2",
        "repo": "php-src",
        "type": "github"
      }
    },
    "php-src-83": {
      "flake": false,
      "locked": {
        "lastModified": 1694962186,
        "narHash": "sha256-lXXSkMcPEc2Y3WLLwi748dCgzoyElBlElgaYpiK7iyc=",
        "owner": "php",
        "repo": "php-src",
        "rev": "0b614a6c2b4b4325842cb15f71744a65eeb05886",
        "type": "github"
      },
      "original": {
        "owner": "php",
        "ref": "PHP-8.3",
        "repo": "php-src",
        "type": "github"
      }
    },
    "php-src-master": {
      "flake": false,
      "locked": {
        "lastModified": 1694962254,
        "narHash": "sha256-ARch6wbpfgSnXNsqoOJD5oUZw2Hqnh9Q+8c/MrFgXRU=",
        "owner": "php",
        "repo": "php-src",
        "rev": "42010d42f1cce125b65b61fabf5f14bfb52a136c",
        "type": "github"
      },
      "original": {
        "owner": "php",
        "ref": "master",
        "repo": "php-src",
        "type": "github"
      }
    },
    "root": {
      "inputs": {
        "flake-parts": "flake-parts",
        "nixpkgs": "nixpkgs",
        "php-active": "php-active",
        "php-src-81": "php-src-81",
        "php-src-82": "php-src-82",
        "php-src-83": "php-src-83",
        "php-src-master": "php-src-master",
        "systems": "systems"
      }
    },
    "systems": {
      "locked": {
        "lastModified": 1681028828,
        "narHash": "sha256-Vy1rq5AaRuLzOxct8nz4T6wlgyUR7zLU309k9mBC768=",
        "owner": "nix-systems",
        "repo": "default",
        "rev": "da67096a3b9bf56a91d16901293e51ba5b49a27e",
        "type": "github"
      },
      "original": {
        "owner": "nix-systems",
        "repo": "default",
        "type": "github"
      }
    }
  },
  "root": "root",
  "version": 7
}
