{
  "nodes": {
    "flake-parts": {
      "inputs": {
        "nixpkgs-lib": "nixpkgs-lib"
      },
      "locked": {
        "lastModified": 1698882062,
        "narHash": "sha256-HkhafUayIqxXyHH1X8d9RDl1M2CkFgZLjKD3MzabiEo=",
        "owner": "hercules-ci",
        "repo": "flake-parts",
        "rev": "8c9fa2545007b49a5db5f650ae91f227672c3877",
        "type": "github"
      },
      "original": {
        "id": "flake-parts",
        "type": "indirect"
      }
    },
    "nixpkgs": {
      "locked": {
        "lastModified": 1699099776,
        "narHash": "sha256-X09iKJ27mGsGambGfkKzqvw5esP1L/Rf8H3u3fCqIiU=",
        "owner": "NixOS",
        "repo": "nixpkgs",
        "rev": "85f1ba3e51676fa8cc604a3d863d729026a6b8eb",
        "type": "github"
      },
      "original": {
        "owner": "NixOS",
        "ref": "nixos-unstable",
        "repo": "nixpkgs",
        "type": "github"
      }
    },
    "nixpkgs-lib": {
      "locked": {
        "dir": "lib",
        "lastModified": 1698611440,
        "narHash": "sha256-jPjHjrerhYDy3q9+s5EAsuhyhuknNfowY6yt6pjn9pc=",
        "owner": "NixOS",
        "repo": "nixpkgs",
        "rev": "0cbe9f69c234a7700596e943bfae7ef27a31b735",
        "type": "github"
      },
      "original": {
        "dir": "lib",
        "owner": "NixOS",
        "ref": "nixos-unstable",
        "repo": "nixpkgs",
        "type": "github"
      }
    },
    "php-active": {
      "flake": false,
      "locked": {
        "narHash": "sha256-20qIiLPpROWf6onLj1r7dMjt/VhUO8//fzYYt4KlPYQ=",
        "type": "file",
        "url": "https://www.php.net/releases/active"
      },
      "original": {
        "type": "file",
        "url": "https://www.php.net/releases/active"
      }
    },
    "php-src-81": {
      "flake": false,
      "locked": {
        "lastModified": 1699871177,
        "narHash": "sha256-yMdMsx+QlygojWOgnyzKLya7vwn+Nx+5VZPdpHh98GE=",
        "owner": "php",
        "repo": "php-src",
        "rev": "c60c2a0d679b7d567b3de02fb9adac5a9dd25afb",
        "type": "github"
      },
      "original": {
        "owner": "php",
        "ref": "PHP-8.1",
        "repo": "php-src",
        "type": "github"
      }
    },
    "php-src-82": {
      "flake": false,
      "locked": {
        "lastModified": 1699900184,
        "narHash": "sha256-GWr/5c8aFU8mbpwVv/ozXi6YK4UVbeSoZkilB1DXtTY=",
        "owner": "php",
        "repo": "php-src",
        "rev": "86c7d3ed1f07cb6b4ddcbc1c12d48a7fc700f4a7",
        "type": "github"
      },
      "original": {
        "owner": "php",
        "ref": "PHP-8.2",
        "repo": "php-src",
        "type": "github"
      }
    },
    "php-src-83": {
      "flake": false,
      "locked": {
        "lastModified": 1699900480,
        "narHash": "sha256-4jNZUGSxyp8KQ/GKN08vPeiLJY2INbMM44nutb3zBcw=",
        "owner": "php",
        "repo": "php-src",
        "rev": "5c25742c263090b79e026de31ec7a1bac9d5a359",
        "type": "github"
      },
      "original": {
        "owner": "php",
        "ref": "PHP-8.3",
        "repo": "php-src",
        "type": "github"
      }
    },
    "php-src-master": {
      "flake": false,
      "locked": {
        "lastModified": 1699903099,
        "narHash": "sha256-Ve2NQ8jKpx18HvP3C111l7tzIsT2OF9q2WioCzrl1x4=",
        "owner": "php",
        "repo": "php-src",
        "rev": "1492be5286dd65d79a5705e09bdc0e9528a51697",
        "type": "github"
      },
      "original": {
        "owner": "php",
        "ref": "master",
        "repo": "php-src",
        "type": "github"
      }
    },
    "root": {
      "inputs": {
        "flake-parts": "flake-parts",
        "nixpkgs": "nixpkgs",
        "php-active": "php-active",
        "php-src-81": "php-src-81",
        "php-src-82": "php-src-82",
        "php-src-83": "php-src-83",
        "php-src-master": "php-src-master",
        "systems": "systems"
      }
    },
    "systems": {
      "locked": {
        "lastModified": 1681028828,
        "narHash": "sha256-Vy1rq5AaRuLzOxct8nz4T6wlgyUR7zLU309k9mBC768=",
        "owner": "nix-systems",
        "repo": "default",
        "rev": "da67096a3b9bf56a91d16901293e51ba5b49a27e",
        "type": "github"
      },
      "original": {
        "owner": "nix-systems",
        "repo": "default",
        "type": "github"
      }
    }
  },
  "root": "root",
  "version": 7
}
